{
  "version": 4,
  "terraform_version": "1.5.7",
  "serial": 53,
  "lineage": "cb10a485-cba6-833c-26b2-d0ae892582cd",
  "outputs": {},
  "resources": [
    {
      "mode": "managed",
      "type": "random_password",
      "name": "admin_password",
      "provider": "provider[\"registry.terraform.io/hashicorp/random\"]",
      "instances": [
        {
          "schema_version": 3,
          "attributes": {
            "bcrypt_hash": "$2a$10$kPjecELYVElf.teVXoMPD.cdJn7hzfGnzBOaXU6uyeOkdDbkDr4fS",
            "id": "none",
            "keepers": null,
            "length": 6,
            "lower": true,
            "min_lower": 0,
            "min_numeric": 0,
            "min_special": 0,
            "min_upper": 0,
            "number": true,
            "numeric": true,
            "override_special": "_%@!",
            "result": "riw0uB",
            "special": false,
            "upper": true
          },
          "sensitive_attributes": []
        }
      ]
    },
    {
      "module": "module.immawalts",
      "mode": "managed",
      "type": "aws_connect_instance",
      "name": "connect_instance",
      "provider": "provider[\"registry.terraform.io/hashicorp/aws\"]",
      "instances": [
        {
          "schema_version": 0,
          "attributes": {
            "arn": "arn:aws:connect:us-east-1:039765606255:instance/61cd8607-b433-4c7b-8d82-0ab27ee56339",
            "auto_resolve_best_voices_enabled": true,
            "contact_flow_logs_enabled": false,
            "contact_lens_enabled": true,
            "created_time": "2025-01-19T00:42:56Z",
            "directory_id": null,
            "early_media_enabled": true,
            "id": "61cd8607-b433-4c7b-8d82-0ab27ee56339",
            "identity_management_type": "CONNECT_MANAGED",
            "inbound_calls_enabled": true,
            "instance_alias": "immawalts-contact-center",
            "multi_party_conference_enabled": false,
            "outbound_calls_enabled": true,
            "service_role": "arn:aws:iam::039765606255:role/aws-service-role/connect.amazonaws.com/AWSServiceRoleForAmazonConnect_sBPS2nZnH6NitybsjBUF",
            "status": "ACTIVE",
            "tags": null,
            "tags_all": {},
            "timeouts": null
          },
          "sensitive_attributes": [],
          "private": "eyJlMmJmYjczMC1lY2FhLTExZTYtOGY4OC0zNDM2M2JjN2M0YzAiOnsiY3JlYXRlIjozMDAwMDAwMDAwMDAsImRlbGV0ZSI6MzAwMDAwMDAwMDAwfX0="
        }
      ]
    },
    {
      "module": "module.secrets_manager",
      "mode": "managed",
      "type": "aws_secretsmanager_secret_version",
      "name": "admin_secret_version",
      "provider": "provider[\"registry.terraform.io/hashicorp/aws\"]",
      "instances": []
    }
  ],
  "check_results": null
}
